<?xml version="1.0" encoding="utf-8"?>
<Project ToolsVersion="16.0" xmlns="http://schemas.microsoft.com/developer/msbuild/2003">
  <ItemGroup>
    <ClCompile Include="..\encoder\basisu_backend.cpp">
      <Filter>Source Files</Filter>
    </ClCompile>
    <ClCompile Include="..\encoder\basisu_basis_file.cpp">
      <Filter>Source Files</Filter>
    </ClCompile>
    <ClCompile Include="..\encoder\basisu_comp.cpp">
      <Filter>Source Files</Filter>
    </ClCompile>
    <ClCompile Include="..\encoder\basisu_enc.cpp">
      <Filter>Source Files</Filter>
    </ClCompile>
    <ClCompile Include="..\encoder\basisu_etc.cpp">
      <Filter>Source Files</Filter>
    </ClCompile>
    <ClCompile Include="..\encoder\basisu_frontend.cpp">
      <Filter>Source Files</Filter>
    </ClCompile>
    <ClCompile Include="..\encoder\basisu_gpu_texture.cpp">
      <Filter>Source Files</Filter>
    </ClCompile>
    <ClCompile Include="..\encoder\basisu_pvrtc1_4.cpp">
      <Filter>Source Files</Filter>
    </ClCompile>
    <ClCompile Include="..\encoder\basisu_resampler.cpp">
      <Filter>Source Files</Filter>
    </ClCompile>
    <ClCompile Include="..\encoder\basisu_resample_filters.cpp">
      <Filter>Source Files</Filter>
    </ClCompile>
    <ClCompile Include="..\encoder\basisu_ssim.cpp">
      <Filter>Source Files</Filter>
    </ClCompile>
    <ClCompile Include="..\encoder\basisu_uastc_enc.cpp">
      <Filter>Source Files</Filter>
    </ClCompile>
    <ClCompile Include="..\encoder\basisu_bc7enc.cpp">
      <Filter>Source Files</Filter>
    </ClCompile>
    <ClCompile Include="..\encoder\jpgd.cpp">
      <Filter>Source Files</Filter>
    </ClCompile>
    <ClCompile Include="..\encoder\basisu_kernels_sse.cpp">
      <Filter>Source Files</Filter>
    </ClCompile>
    <ClCompile Include="..\encoder\basisu_opencl.cpp">
      <Filter>Source Files</Filter>
    </ClCompile>
    <ClCompile Include="..\encoder\pvpngreader.cpp">
      <Filter>Source Files</Filter>
    </ClCompile>
    <ClCompile Include="..\transcoder\basisu_transcoder.cpp">
      <Filter>Source Files</Filter>
    </ClCompile>
  </ItemGroup>
  <ItemGroup>
    <Filter Include="Source Files">
      <UniqueIdentifier>{511C7880-9FD0-37F5-A610-D23431EB90AF}</UniqueIdentifier>
    </Filter>
  </ItemGroup>
</Project>